
Microsoft Visual Studio Solution File, Format Version 12.00
# Visual Studio Version 16
VisualStudioVersion = 16.0.29503.13
MinimumVisualStudioVersion = 10.0.40219.1
Project("{FAE04EC0-301F-11D3-BF4B-00C04F79EFBC}") = "Restaurent-Apps", "Restaurent-Apps\Restaurent-Apps.csproj", "{1115F5A4-5EE2-4FCE-81D8-30A0803C8C33}"
EndProject
Global
	GlobalSection(SolutionConfigurationPlatforms) = preSolution
		Debug|Any CPU = Debug|Any CPU
		Release|Any CPU = Release|Any CPU
	EndGlobalSection
	GlobalSection(ProjectConfigurationPlatforms) = postSolution
		{1115F5A4-5EE2-4FCE-81D8-30A0803C8C33}.Debug|Any CPU.ActiveCfg = Debug|Any CPU
		{1115F5A4-5EE2-4FCE-81D8-30A0803C8C33}.Debug|Any CPU.Build.0 = Debug|Any CPU
		{1115F5A4-5EE2-4FCE-81D8-30A0803C8C33}.Release|Any CPU.ActiveCfg = Release|Any CPU
		{1115F5A4-5EE2-4FCE-81D8-30A0803C8C33}.Release|Any CPU.Build.0 = Release|Any CPU
	EndGlobalSection
	GlobalSection(SolutionProperties) = preSolution
		HideSolutionNode = FALSE
	EndGlobalSection
	GlobalSection(ExtensibilityGlobals) = postSolution
		SolutionGuid = {D9E5D5C8-E679-4940-92E6-7B8171337C82}
	EndGlobalSection
EndGlobal
